
Microsoft Visual Studio Solution File, Format Version 12.00
# Visual Studio 15
VisualStudioVersion = 15.0.28010.2036
MinimumVisualStudioVersion = 10.0.40219.1
Project("{9A19103F-16F7-4668-BE54-9A1E7A4F7556}") = "MySchool.WEB", "MySchool.WEB\MySchool.WEB.csproj", "{870E2C6E-BDE2-40EE-B7DA-B6BCB9FF95DB}"
EndProject
Project("{2150E333-8FDC-42A3-9474-1A3956D46DE8}") = "src", "src", "{8601E79E-AA8E-4D61-BB32-4501D56E1A03}"
EndProject
Project("{9A19103F-16F7-4668-BE54-9A1E7A4F7556}") = "MySchool.DAL", "MySchool.DAL\MySchool.DAL.csproj", "{0E7548CC-8907-4C4C-B1BB-B4F582EDE791}"
EndProject
Project("{9A19103F-16F7-4668-BE54-9A1E7A4F7556}") = "MySchool.Services", "MySchool.Services\MySchool.Services.csproj", "{8414019F-B546-44B1-A274-7A463CCDFF9F}"
EndProject
Project("{2150E333-8FDC-42A3-9474-1A3956D46DE8}") = "Tests", "Tests", "{4DB7213D-119F-4374-A343-94426D33DDD5}"
EndProject
Project("{FAE04EC0-301F-11D3-BF4B-00C04F79EFBC}") = "MySchool.Tests", "MySchool.Tests\MySchool.Tests.csproj", "{01F143A7-E267-42CD-8A51-150E9D58C716}"
EndProject
Global
	GlobalSection(SolutionConfigurationPlatforms) = preSolution
		Debug|Any CPU = Debug|Any CPU
		Release|Any CPU = Release|Any CPU
	EndGlobalSection
	GlobalSection(ProjectConfigurationPlatforms) = postSolution
		{870E2C6E-BDE2-40EE-B7DA-B6BCB9FF95DB}.Debug|Any CPU.ActiveCfg = Debug|Any CPU
		{870E2C6E-BDE2-40EE-B7DA-B6BCB9FF95DB}.Debug|Any CPU.Build.0 = Debug|Any CPU
		{870E2C6E-BDE2-40EE-B7DA-B6BCB9FF95DB}.Release|Any CPU.ActiveCfg = Release|Any CPU
		{870E2C6E-BDE2-40EE-B7DA-B6BCB9FF95DB}.Release|Any CPU.Build.0 = Release|Any CPU
		{0E7548CC-8907-4C4C-B1BB-B4F582EDE791}.Debug|Any CPU.ActiveCfg = Debug|Any CPU
		{0E7548CC-8907-4C4C-B1BB-B4F582EDE791}.Debug|Any CPU.Build.0 = Debug|Any CPU
		{0E7548CC-8907-4C4C-B1BB-B4F582EDE791}.Release|Any CPU.ActiveCfg = Release|Any CPU
		{0E7548CC-8907-4C4C-B1BB-B4F582EDE791}.Release|Any CPU.Build.0 = Release|Any CPU
		{8414019F-B546-44B1-A274-7A463CCDFF9F}.Debug|Any CPU.ActiveCfg = Debug|Any CPU
		{8414019F-B546-44B1-A274-7A463CCDFF9F}.Debug|Any CPU.Build.0 = Debug|Any CPU
		{8414019F-B546-44B1-A274-7A463CCDFF9F}.Release|Any CPU.ActiveCfg = Release|Any CPU
		{8414019F-B546-44B1-A274-7A463CCDFF9F}.Release|Any CPU.Build.0 = Release|Any CPU
		{01F143A7-E267-42CD-8A51-150E9D58C716}.Debug|Any CPU.ActiveCfg = Debug|Any CPU
		{01F143A7-E267-42CD-8A51-150E9D58C716}.Debug|Any CPU.Build.0 = Debug|Any CPU
		{01F143A7-E267-42CD-8A51-150E9D58C716}.Release|Any CPU.ActiveCfg = Release|Any CPU
		{01F143A7-E267-42CD-8A51-150E9D58C716}.Release|Any CPU.Build.0 = Release|Any CPU
	EndGlobalSection
	GlobalSection(SolutionProperties) = preSolution
		HideSolutionNode = FALSE
	EndGlobalSection
	GlobalSection(NestedProjects) = preSolution
		{0E7548CC-8907-4C4C-B1BB-B4F582EDE791} = {8601E79E-AA8E-4D61-BB32-4501D56E1A03}
		{8414019F-B546-44B1-A274-7A463CCDFF9F} = {8601E79E-AA8E-4D61-BB32-4501D56E1A03}
		{01F143A7-E267-42CD-8A51-150E9D58C716} = {4DB7213D-119F-4374-A343-94426D33DDD5}
	EndGlobalSection
	GlobalSection(ExtensibilityGlobals) = postSolution
		SolutionGuid = {64E4D76A-04C8-4EB8-8F5E-14978B452ACF}
	EndGlobalSection
EndGlobal
